<Solution>
  <Project Path="Wooshii.HierarchyDecorator.Editor.csproj" />
  <Project Path="Assembly-CSharp.csproj" />
  <Project Path="FastScriptReload.Editor.csproj" />
  <Project Path="AllIn1SpriteShaderAssembly.csproj" />
  <Project Path="Assembly-CSharp-Editor.csproj" />
  <Project Path="FastScriptReload.Runtime.csproj" />
</Solution>
